
Microsoft Visual Studio Solution File, Format Version 12.00
# Visual Studio 2013
VisualStudioVersion = 12.0.30501.0
MinimumVisualStudioVersion = 10.0.40219.1
Project("{FAE04EC0-301F-11D3-BF4B-00C04F79EFBC}") = "AspNetIdentity.WebApi", "AspNetIdentity.WebApi\AspNetIdentity.WebApi.csproj", "{09DBF4FF-D403-401A-A597-CF6657303D61}"
EndProject
Project("{FAE04EC0-301F-11D3-BF4B-00C04F79EFBC}") = "JsonWebTokensWebApi", "JsonWebTokensWebApi\JsonWebTokensWebApi.csproj", "{1057C80D-33C2-49E2-BC2C-645104C48BBA}"
EndProject
Project("{FAE04EC0-301F-11D3-BF4B-00C04F79EFBC}") = "ResourceServer.Api", "ResourceServer.Api\ResourceServer.Api.csproj", "{FB956F16-CCF7-4645-8F2F-F47A7DCFCB89}"
EndProject
Global
	GlobalSection(SolutionConfigurationPlatforms) = preSolution
		Debug|Any CPU = Debug|Any CPU
		Release|Any CPU = Release|Any CPU
	EndGlobalSection
	GlobalSection(ProjectConfigurationPlatforms) = postSolution
		{09DBF4FF-D403-401A-A597-CF6657303D61}.Debug|Any CPU.ActiveCfg = Debug|Any CPU
		{09DBF4FF-D403-401A-A597-CF6657303D61}.Debug|Any CPU.Build.0 = Debug|Any CPU
		{09DBF4FF-D403-401A-A597-CF6657303D61}.Release|Any CPU.ActiveCfg = Release|Any CPU
		{09DBF4FF-D403-401A-A597-CF6657303D61}.Release|Any CPU.Build.0 = Release|Any CPU
		{1057C80D-33C2-49E2-BC2C-645104C48BBA}.Debug|Any CPU.ActiveCfg = Debug|Any CPU
		{1057C80D-33C2-49E2-BC2C-645104C48BBA}.Debug|Any CPU.Build.0 = Debug|Any CPU
		{1057C80D-33C2-49E2-BC2C-645104C48BBA}.Release|Any CPU.ActiveCfg = Release|Any CPU
		{1057C80D-33C2-49E2-BC2C-645104C48BBA}.Release|Any CPU.Build.0 = Release|Any CPU
		{FB956F16-CCF7-4645-8F2F-F47A7DCFCB89}.Debug|Any CPU.ActiveCfg = Debug|Any CPU
		{FB956F16-CCF7-4645-8F2F-F47A7DCFCB89}.Debug|Any CPU.Build.0 = Debug|Any CPU
		{FB956F16-CCF7-4645-8F2F-F47A7DCFCB89}.Release|Any CPU.ActiveCfg = Release|Any CPU
		{FB956F16-CCF7-4645-8F2F-F47A7DCFCB89}.Release|Any CPU.Build.0 = Release|Any CPU
	EndGlobalSection
	GlobalSection(SolutionProperties) = preSolution
		HideSolutionNode = FALSE
	EndGlobalSection
EndGlobal
